
Microsoft Visual Studio Solution File, Format Version 12.00
# Visual Studio Version 16
VisualStudioVersion = 16.0.29201.188
MinimumVisualStudioVersion = 10.0.40219.1
Project("{9A19103F-16F7-4668-BE54-9A1E7A4F7556}") = "Users_and_Awards.PL", "Users and Awards.PL\Users_and_Awards.PL.csproj", "{B147001E-738A-4CF0-8F7A-E3639F9F53CB}"
EndProject
Project("{2150E333-8FDC-42A3-9474-1A3956D46DE8}") = "PL", "PL", "{6F65DC60-6525-4765-B51F-6A5D4EFA900F}"
EndProject
Project("{2150E333-8FDC-42A3-9474-1A3956D46DE8}") = "DAL", "DAL", "{4987BB66-E358-4A08-97FA-560CD1B2D645}"
EndProject
Project("{2150E333-8FDC-42A3-9474-1A3956D46DE8}") = "BLL", "BLL", "{958E8C81-9B97-4D6B-9630-949CAEA9F352}"
EndProject
Project("{2150E333-8FDC-42A3-9474-1A3956D46DE8}") = "Common", "Common", "{66922E5F-873A-42D8-999F-E48209AF97BC}"
EndProject
Project("{9A19103F-16F7-4668-BE54-9A1E7A4F7556}") = "Users_and_Awards.BLL", "Users and Awards.BLL\Users_and_Awards.BLL.csproj", "{F9D99C71-35DB-417F-860E-9F0852212ED4}"
EndProject
Project("{9A19103F-16F7-4668-BE54-9A1E7A4F7556}") = "Users_and_Awards.Common", "Users and Awards.Common\Users_and_Awards.Common.csproj", "{AF1DFEFE-A7A6-427D-92F4-D217E5DCDC57}"
EndProject
Project("{9A19103F-16F7-4668-BE54-9A1E7A4F7556}") = "Users_and_Awards.Entities", "Users and Awards.Entities\Users_and_Awards.Entities.csproj", "{C99A4E53-DC86-46FB-A7B0-56AD874B0FE7}"
EndProject
Project("{9A19103F-16F7-4668-BE54-9A1E7A4F7556}") = "Users_and_Awards.DAL", "Users and Awards.DAL\Users_and_Awards.DAL.csproj", "{FDAD63E6-40E0-4B50-93AB-C39DDBBA16C0}"
EndProject
Global
	GlobalSection(SolutionConfigurationPlatforms) = preSolution
		Debug|Any CPU = Debug|Any CPU
		Release|Any CPU = Release|Any CPU
	EndGlobalSection
	GlobalSection(ProjectConfigurationPlatforms) = postSolution
		{B147001E-738A-4CF0-8F7A-E3639F9F53CB}.Debug|Any CPU.ActiveCfg = Debug|Any CPU
		{B147001E-738A-4CF0-8F7A-E3639F9F53CB}.Debug|Any CPU.Build.0 = Debug|Any CPU
		{B147001E-738A-4CF0-8F7A-E3639F9F53CB}.Release|Any CPU.ActiveCfg = Release|Any CPU
		{B147001E-738A-4CF0-8F7A-E3639F9F53CB}.Release|Any CPU.Build.0 = Release|Any CPU
		{F9D99C71-35DB-417F-860E-9F0852212ED4}.Debug|Any CPU.ActiveCfg = Debug|Any CPU
		{F9D99C71-35DB-417F-860E-9F0852212ED4}.Debug|Any CPU.Build.0 = Debug|Any CPU
		{F9D99C71-35DB-417F-860E-9F0852212ED4}.Release|Any CPU.ActiveCfg = Release|Any CPU
		{F9D99C71-35DB-417F-860E-9F0852212ED4}.Release|Any CPU.Build.0 = Release|Any CPU
		{AF1DFEFE-A7A6-427D-92F4-D217E5DCDC57}.Debug|Any CPU.ActiveCfg = Debug|Any CPU
		{AF1DFEFE-A7A6-427D-92F4-D217E5DCDC57}.Debug|Any CPU.Build.0 = Debug|Any CPU
		{AF1DFEFE-A7A6-427D-92F4-D217E5DCDC57}.Release|Any CPU.ActiveCfg = Release|Any CPU
		{AF1DFEFE-A7A6-427D-92F4-D217E5DCDC57}.Release|Any CPU.Build.0 = Release|Any CPU
		{C99A4E53-DC86-46FB-A7B0-56AD874B0FE7}.Debug|Any CPU.ActiveCfg = Debug|Any CPU
		{C99A4E53-DC86-46FB-A7B0-56AD874B0FE7}.Debug|Any CPU.Build.0 = Debug|Any CPU
		{C99A4E53-DC86-46FB-A7B0-56AD874B0FE7}.Release|Any CPU.ActiveCfg = Release|Any CPU
		{C99A4E53-DC86-46FB-A7B0-56AD874B0FE7}.Release|Any CPU.Build.0 = Release|Any CPU
		{FDAD63E6-40E0-4B50-93AB-C39DDBBA16C0}.Debug|Any CPU.ActiveCfg = Debug|Any CPU
		{FDAD63E6-40E0-4B50-93AB-C39DDBBA16C0}.Debug|Any CPU.Build.0 = Debug|Any CPU
		{FDAD63E6-40E0-4B50-93AB-C39DDBBA16C0}.Release|Any CPU.ActiveCfg = Release|Any CPU
		{FDAD63E6-40E0-4B50-93AB-C39DDBBA16C0}.Release|Any CPU.Build.0 = Release|Any CPU
	EndGlobalSection
	GlobalSection(SolutionProperties) = preSolution
		HideSolutionNode = FALSE
	EndGlobalSection
	GlobalSection(NestedProjects) = preSolution
		{B147001E-738A-4CF0-8F7A-E3639F9F53CB} = {6F65DC60-6525-4765-B51F-6A5D4EFA900F}
		{F9D99C71-35DB-417F-860E-9F0852212ED4} = {958E8C81-9B97-4D6B-9630-949CAEA9F352}
		{AF1DFEFE-A7A6-427D-92F4-D217E5DCDC57} = {66922E5F-873A-42D8-999F-E48209AF97BC}
		{C99A4E53-DC86-46FB-A7B0-56AD874B0FE7} = {66922E5F-873A-42D8-999F-E48209AF97BC}
		{FDAD63E6-40E0-4B50-93AB-C39DDBBA16C0} = {4987BB66-E358-4A08-97FA-560CD1B2D645}
	EndGlobalSection
	GlobalSection(ExtensibilityGlobals) = postSolution
		SolutionGuid = {4A3E2A8C-D410-41D1-AB94-DE5A78889D09}
	EndGlobalSection
EndGlobal
