
Microsoft Visual Studio Solution File, Format Version 12.00
# Visual Studio 15
VisualStudioVersion = 15.0.28307.572
MinimumVisualStudioVersion = 10.0.40219.1
Project("{FAE04EC0-301F-11D3-BF4B-00C04F79EFBC}") = "02", "02\02.csproj", "{35498F5B-E475-4484-B053-58BE14F00457}"
EndProject
Global
	GlobalSection(SolutionConfigurationPlatforms) = preSolution
		Debug|Any CPU = Debug|Any CPU
		Release|Any CPU = Release|Any CPU
	EndGlobalSection
	GlobalSection(ProjectConfigurationPlatforms) = postSolution
		{35498F5B-E475-4484-B053-58BE14F00457}.Debug|Any CPU.ActiveCfg = Debug|Any CPU
		{35498F5B-E475-4484-B053-58BE14F00457}.Debug|Any CPU.Build.0 = Debug|Any CPU
		{35498F5B-E475-4484-B053-58BE14F00457}.Release|Any CPU.ActiveCfg = Release|Any CPU
		{35498F5B-E475-4484-B053-58BE14F00457}.Release|Any CPU.Build.0 = Release|Any CPU
	EndGlobalSection
	GlobalSection(SolutionProperties) = preSolution
		HideSolutionNode = FALSE
	EndGlobalSection
	GlobalSection(ExtensibilityGlobals) = postSolution
		SolutionGuid = {08105353-7C84-4397-8A86-A20DD53F413C}
	EndGlobalSection
EndGlobal
