
Microsoft Visual Studio Solution File, Format Version 12.00
# Visual Studio 15
VisualStudioVersion = 15.0.28307.572
MinimumVisualStudioVersion = 10.0.40219.1
Project("{FAE04EC0-301F-11D3-BF4B-00C04F79EFBC}") = "1-4", "1-4\1-4.csproj", "{60C643D2-C49A-47EF-B793-92B4F8280533}"
EndProject
Global
	GlobalSection(SolutionConfigurationPlatforms) = preSolution
		Debug|Any CPU = Debug|Any CPU
		Release|Any CPU = Release|Any CPU
	EndGlobalSection
	GlobalSection(ProjectConfigurationPlatforms) = postSolution
		{60C643D2-C49A-47EF-B793-92B4F8280533}.Debug|Any CPU.ActiveCfg = Debug|Any CPU
		{60C643D2-C49A-47EF-B793-92B4F8280533}.Debug|Any CPU.Build.0 = Debug|Any CPU
		{60C643D2-C49A-47EF-B793-92B4F8280533}.Release|Any CPU.ActiveCfg = Release|Any CPU
		{60C643D2-C49A-47EF-B793-92B4F8280533}.Release|Any CPU.Build.0 = Release|Any CPU
	EndGlobalSection
	GlobalSection(SolutionProperties) = preSolution
		HideSolutionNode = FALSE
	EndGlobalSection
	GlobalSection(ExtensibilityGlobals) = postSolution
		SolutionGuid = {FE9336E4-E2F5-4C1A-ACF0-A9C1F41EE91B}
	EndGlobalSection
EndGlobal
