
Microsoft Visual Studio Solution File, Format Version 12.00
# Visual Studio 15
VisualStudioVersion = 15.0.28307.572
MinimumVisualStudioVersion = 10.0.40219.1
Project("{FAE04EC0-301F-11D3-BF4B-00C04F79EFBC}") = "2-2", "2-2\2-2.csproj", "{1E73CA36-2C51-4A2B-B186-E9388840E491}"
EndProject
Global
	GlobalSection(SolutionConfigurationPlatforms) = preSolution
		Debug|Any CPU = Debug|Any CPU
		Release|Any CPU = Release|Any CPU
	EndGlobalSection
	GlobalSection(ProjectConfigurationPlatforms) = postSolution
		{1E73CA36-2C51-4A2B-B186-E9388840E491}.Debug|Any CPU.ActiveCfg = Debug|Any CPU
		{1E73CA36-2C51-4A2B-B186-E9388840E491}.Debug|Any CPU.Build.0 = Debug|Any CPU
		{1E73CA36-2C51-4A2B-B186-E9388840E491}.Release|Any CPU.ActiveCfg = Release|Any CPU
		{1E73CA36-2C51-4A2B-B186-E9388840E491}.Release|Any CPU.Build.0 = Release|Any CPU
	EndGlobalSection
	GlobalSection(SolutionProperties) = preSolution
		HideSolutionNode = FALSE
	EndGlobalSection
	GlobalSection(ExtensibilityGlobals) = postSolution
		SolutionGuid = {8F3B8FB4-1C1D-4872-A54D-14C3DAE1A7E0}
	EndGlobalSection
EndGlobal
