
Microsoft Visual Studio Solution File, Format Version 12.00
# Visual Studio 15
VisualStudioVersion = 15.0.28307.572
MinimumVisualStudioVersion = 10.0.40219.1
Project("{FAE04EC0-301F-11D3-BF4B-00C04F79EFBC}") = "1-8", "1-8\1-8.csproj", "{9710AC1E-6E77-4C0C-A7F8-BA428BBEDC1E}"
EndProject
Global
	GlobalSection(SolutionConfigurationPlatforms) = preSolution
		Debug|Any CPU = Debug|Any CPU
		Release|Any CPU = Release|Any CPU
	EndGlobalSection
	GlobalSection(ProjectConfigurationPlatforms) = postSolution
		{9710AC1E-6E77-4C0C-A7F8-BA428BBEDC1E}.Debug|Any CPU.ActiveCfg = Debug|Any CPU
		{9710AC1E-6E77-4C0C-A7F8-BA428BBEDC1E}.Debug|Any CPU.Build.0 = Debug|Any CPU
		{9710AC1E-6E77-4C0C-A7F8-BA428BBEDC1E}.Release|Any CPU.ActiveCfg = Release|Any CPU
		{9710AC1E-6E77-4C0C-A7F8-BA428BBEDC1E}.Release|Any CPU.Build.0 = Release|Any CPU
	EndGlobalSection
	GlobalSection(SolutionProperties) = preSolution
		HideSolutionNode = FALSE
	EndGlobalSection
	GlobalSection(ExtensibilityGlobals) = postSolution
		SolutionGuid = {4E2022C7-58D7-49FD-A7B2-8E228F2459B4}
	EndGlobalSection
EndGlobal
